# SPDX-FileCopyrightText: 2026 AerynOS Developers
# SPDX-License-Identifier: MPL-2.0
# This file is automatically @generated by Cargo.
# It is not intended for manual editing.
version = 4

[[package]]
name = "cast-cargo-vendored-fixture"
version = "1.0.0"
dependencies = [
 "cast-fixture-greeting",
]

[[package]]
name = "cast-fixture-greeting"
version = "0.1.0"
source = "registry+https://github.com/rust-lang/crates.io-index"
checksum = "1111111111111111111111111111111111111111111111111111111111111111"
